
Microsoft Visual Studio Solution File, Format Version 12.00
# Visual Studio Version 17
VisualStudioVersion = 17.4.33110.190
MinimumVisualStudioVersion = 10.0.40219.1
Project("{FAE04EC0-301F-11D3-BF4B-00C04F79EFBC}") = "WebApplication4", "WebApplication4\WebApplication4.csproj", "{C529049B-E29D-4212-8F5F-ED8481BF096E}"
EndProject
Global
	GlobalSection(SolutionConfigurationPlatforms) = preSolution
		Debug|Any CPU = Debug|Any CPU
		Release|Any CPU = Release|Any CPU
	EndGlobalSection
	GlobalSection(ProjectConfigurationPlatforms) = postSolution
		{C529049B-E29D-4212-8F5F-ED8481BF096E}.Debug|Any CPU.ActiveCfg = Debug|Any CPU
		{C529049B-E29D-4212-8F5F-ED8481BF096E}.Debug|Any CPU.Build.0 = Debug|Any CPU
		{C529049B-E29D-4212-8F5F-ED8481BF096E}.Release|Any CPU.ActiveCfg = Release|Any CPU
		{C529049B-E29D-4212-8F5F-ED8481BF096E}.Release|Any CPU.Build.0 = Release|Any CPU
	EndGlobalSection
	GlobalSection(SolutionProperties) = preSolution
		HideSolutionNode = FALSE
	EndGlobalSection
	GlobalSection(ExtensibilityGlobals) = postSolution
		SolutionGuid = {7D6F000E-A59F-40C8-BA94-35472B971F6D}
	EndGlobalSection
EndGlobal
